
Microsoft Visual Studio Solution File, Format Version 12.00
# Visual Studio Version 17
VisualStudioVersion = 17.13.35828.75
MinimumVisualStudioVersion = 10.0.40219.1
Project("{2150E333-8FDC-42A3-9474-1A3956D46DE8}") = "Services", "Services", "{02EA681E-C7D8-13C7-8484-4AC65E1B71E8}"
EndProject
Project("{2150E333-8FDC-42A3-9474-1A3956D46DE8}") = "Catalog", "Catalog", "{98AAEC05-F178-4199-BA15-B09F5A0F1DE3}"
EndProject
Project("{FAE04EC0-301F-11D3-BF4B-00C04F79EFBC}") = "Catalog.API", "Services\Catalog\Catalog.API\Catalog.API.csproj", "{03955BC1-C314-46C9-91DF-CD51A0FD6391}"
EndProject
Project("{2150E333-8FDC-42A3-9474-1A3956D46DE8}") = "BuildingBlocks", "BuildingBlocks", "{1BB14017-D2DD-46ED-8EAC-4CEB58CEC9BC}"
EndProject
Project("{FAE04EC0-301F-11D3-BF4B-00C04F79EFBC}") = "BuildingBlocks", "BuildingBlocks\BuildingBlocks\BuildingBlocks.csproj", "{4E113355-BE3D-4B04-B100-79C0E0FD38C8}"
EndProject
Project("{E53339B2-1760-4266-BCC7-CA923CBCF16C}") = "docker-compose", "docker-compose.dcproj", "{81DDED9D-158B-E303-5F62-77A2896D2A5A}"
EndProject
Project("{2150E333-8FDC-42A3-9474-1A3956D46DE8}") = "Basket", "Basket", "{9A6929EC-8ADA-4686-8C55-A2DBA3EC03F6}"
EndProject
Project("{FAE04EC0-301F-11D3-BF4B-00C04F79EFBC}") = "Basket.API", "Services\Basket\Basket.API\Basket.API.csproj", "{177C1387-42C0-4BA1-8089-B40B12051859}"
EndProject
Project("{2150E333-8FDC-42A3-9474-1A3956D46DE8}") = "Discount", "Discount", "{6303C094-5CA4-43DE-8E07-BA11DC39A373}"
EndProject
Project("{FAE04EC0-301F-11D3-BF4B-00C04F79EFBC}") = "Discount.Grpc", "Services\Discount\Discount.Grpc\Discount.Grpc.csproj", "{9F59D348-959D-479C-9C82-E28E6C41F936}"
EndProject
Project("{2150E333-8FDC-42A3-9474-1A3956D46DE8}") = "Ordering", "Ordering", "{53914813-5232-4CCA-BA71-0765F5E062D7}"
EndProject
Project("{FAE04EC0-301F-11D3-BF4B-00C04F79EFBC}") = "Ordering.API", "Services\Ordering\Ordering.API\Ordering.API.csproj", "{7168F0EB-84DE-4140-812F-614822E7FA2F}"
EndProject
Project("{FAE04EC0-301F-11D3-BF4B-00C04F79EFBC}") = "Ordering.Domain", "Services\Ordering\Ordering.Domain\Ordering.Domain.csproj", "{74B4C471-4D5A-4314-86B4-8DC8935AE3F5}"
EndProject
Project("{FAE04EC0-301F-11D3-BF4B-00C04F79EFBC}") = "Ordering.Application", "Services\Ordering\Ordering.Application\Ordering.Application.csproj", "{0C6BF94D-83FE-4395-BD7E-DDD68D13D301}"
EndProject
Project("{FAE04EC0-301F-11D3-BF4B-00C04F79EFBC}") = "Ordering.Infrastructure", "Services\Ordering\Ordering.Infrastructure\Ordering.Infrastructure.csproj", "{3B83E134-FE62-4434-A072-16C8DCA624DD}"
EndProject
Project("{FAE04EC0-301F-11D3-BF4B-00C04F79EFBC}") = "BuildingBlocks.Messaging", "BuildingBlocks\BuildingBlocks.Messaging\BuildingBlocks.Messaging.csproj", "{96BA860E-9766-4B9C-B0C7-02A294F43AAA}"
EndProject
Global
	GlobalSection(SolutionConfigurationPlatforms) = preSolution
		Debug|Any CPU = Debug|Any CPU
		Release|Any CPU = Release|Any CPU
	EndGlobalSection
	GlobalSection(ProjectConfigurationPlatforms) = postSolution
		{03955BC1-C314-46C9-91DF-CD51A0FD6391}.Debug|Any CPU.ActiveCfg = Debug|Any CPU
		{03955BC1-C314-46C9-91DF-CD51A0FD6391}.Debug|Any CPU.Build.0 = Debug|Any CPU
		{03955BC1-C314-46C9-91DF-CD51A0FD6391}.Release|Any CPU.ActiveCfg = Release|Any CPU
		{03955BC1-C314-46C9-91DF-CD51A0FD6391}.Release|Any CPU.Build.0 = Release|Any CPU
		{4E113355-BE3D-4B04-B100-79C0E0FD38C8}.Debug|Any CPU.ActiveCfg = Debug|Any CPU
		{4E113355-BE3D-4B04-B100-79C0E0FD38C8}.Debug|Any CPU.Build.0 = Debug|Any CPU
		{4E113355-BE3D-4B04-B100-79C0E0FD38C8}.Release|Any CPU.ActiveCfg = Release|Any CPU
		{4E113355-BE3D-4B04-B100-79C0E0FD38C8}.Release|Any CPU.Build.0 = Release|Any CPU
		{81DDED9D-158B-E303-5F62-77A2896D2A5A}.Debug|Any CPU.ActiveCfg = Debug|Any CPU
		{81DDED9D-158B-E303-5F62-77A2896D2A5A}.Debug|Any CPU.Build.0 = Debug|Any CPU
		{81DDED9D-158B-E303-5F62-77A2896D2A5A}.Release|Any CPU.ActiveCfg = Release|Any CPU
		{81DDED9D-158B-E303-5F62-77A2896D2A5A}.Release|Any CPU.Build.0 = Release|Any CPU
		{177C1387-42C0-4BA1-8089-B40B12051859}.Debug|Any CPU.ActiveCfg = Debug|Any CPU
		{177C1387-42C0-4BA1-8089-B40B12051859}.Debug|Any CPU.Build.0 = Debug|Any CPU
		{177C1387-42C0-4BA1-8089-B40B12051859}.Release|Any CPU.ActiveCfg = Release|Any CPU
		{177C1387-42C0-4BA1-8089-B40B12051859}.Release|Any CPU.Build.0 = Release|Any CPU
		{9F59D348-959D-479C-9C82-E28E6C41F936}.Debug|Any CPU.ActiveCfg = Debug|Any CPU
		{9F59D348-959D-479C-9C82-E28E6C41F936}.Debug|Any CPU.Build.0 = Debug|Any CPU
		{9F59D348-959D-479C-9C82-E28E6C41F936}.Release|Any CPU.ActiveCfg = Release|Any CPU
		{9F59D348-959D-479C-9C82-E28E6C41F936}.Release|Any CPU.Build.0 = Release|Any CPU
		{7168F0EB-84DE-4140-812F-614822E7FA2F}.Debug|Any CPU.ActiveCfg = Debug|Any CPU
		{7168F0EB-84DE-4140-812F-614822E7FA2F}.Debug|Any CPU.Build.0 = Debug|Any CPU
		{7168F0EB-84DE-4140-812F-614822E7FA2F}.Release|Any CPU.ActiveCfg = Release|Any CPU
		{7168F0EB-84DE-4140-812F-614822E7FA2F}.Release|Any CPU.Build.0 = Release|Any CPU
		{74B4C471-4D5A-4314-86B4-8DC8935AE3F5}.Debug|Any CPU.ActiveCfg = Debug|Any CPU
		{74B4C471-4D5A-4314-86B4-8DC8935AE3F5}.Debug|Any CPU.Build.0 = Debug|Any CPU
		{74B4C471-4D5A-4314-86B4-8DC8935AE3F5}.Release|Any CPU.ActiveCfg = Release|Any CPU
		{74B4C471-4D5A-4314-86B4-8DC8935AE3F5}.Release|Any CPU.Build.0 = Release|Any CPU
		{0C6BF94D-83FE-4395-BD7E-DDD68D13D301}.Debug|Any CPU.ActiveCfg = Debug|Any CPU
		{0C6BF94D-83FE-4395-BD7E-DDD68D13D301}.Debug|Any CPU.Build.0 = Debug|Any CPU
		{0C6BF94D-83FE-4395-BD7E-DDD68D13D301}.Release|Any CPU.ActiveCfg = Release|Any CPU
		{0C6BF94D-83FE-4395-BD7E-DDD68D13D301}.Release|Any CPU.Build.0 = Release|Any CPU
		{3B83E134-FE62-4434-A072-16C8DCA624DD}.Debug|Any CPU.ActiveCfg = Debug|Any CPU
		{3B83E134-FE62-4434-A072-16C8DCA624DD}.Debug|Any CPU.Build.0 = Debug|Any CPU
		{3B83E134-FE62-4434-A072-16C8DCA624DD}.Release|Any CPU.ActiveCfg = Release|Any CPU
		{3B83E134-FE62-4434-A072-16C8DCA624DD}.Release|Any CPU.Build.0 = Release|Any CPU
		{96BA860E-9766-4B9C-B0C7-02A294F43AAA}.Debug|Any CPU.ActiveCfg = Debug|Any CPU
		{96BA860E-9766-4B9C-B0C7-02A294F43AAA}.Debug|Any CPU.Build.0 = Debug|Any CPU
		{96BA860E-9766-4B9C-B0C7-02A294F43AAA}.Release|Any CPU.ActiveCfg = Release|Any CPU
		{96BA860E-9766-4B9C-B0C7-02A294F43AAA}.Release|Any CPU.Build.0 = Release|Any CPU
	EndGlobalSection
	GlobalSection(SolutionProperties) = preSolution
		HideSolutionNode = FALSE
	EndGlobalSection
	GlobalSection(NestedProjects) = preSolution
		{98AAEC05-F178-4199-BA15-B09F5A0F1DE3} = {02EA681E-C7D8-13C7-8484-4AC65E1B71E8}
		{03955BC1-C314-46C9-91DF-CD51A0FD6391} = {98AAEC05-F178-4199-BA15-B09F5A0F1DE3}
		{4E113355-BE3D-4B04-B100-79C0E0FD38C8} = {1BB14017-D2DD-46ED-8EAC-4CEB58CEC9BC}
		{9A6929EC-8ADA-4686-8C55-A2DBA3EC03F6} = {02EA681E-C7D8-13C7-8484-4AC65E1B71E8}
		{177C1387-42C0-4BA1-8089-B40B12051859} = {9A6929EC-8ADA-4686-8C55-A2DBA3EC03F6}
		{6303C094-5CA4-43DE-8E07-BA11DC39A373} = {02EA681E-C7D8-13C7-8484-4AC65E1B71E8}
		{9F59D348-959D-479C-9C82-E28E6C41F936} = {6303C094-5CA4-43DE-8E07-BA11DC39A373}
		{53914813-5232-4CCA-BA71-0765F5E062D7} = {02EA681E-C7D8-13C7-8484-4AC65E1B71E8}
		{7168F0EB-84DE-4140-812F-614822E7FA2F} = {53914813-5232-4CCA-BA71-0765F5E062D7}
		{74B4C471-4D5A-4314-86B4-8DC8935AE3F5} = {53914813-5232-4CCA-BA71-0765F5E062D7}
		{0C6BF94D-83FE-4395-BD7E-DDD68D13D301} = {53914813-5232-4CCA-BA71-0765F5E062D7}
		{3B83E134-FE62-4434-A072-16C8DCA624DD} = {53914813-5232-4CCA-BA71-0765F5E062D7}
		{96BA860E-9766-4B9C-B0C7-02A294F43AAA} = {1BB14017-D2DD-46ED-8EAC-4CEB58CEC9BC}
	EndGlobalSection
	GlobalSection(ExtensibilityGlobals) = postSolution
		SolutionGuid = {83EF2096-4374-45BA-9367-EEB46C11084B}
	EndGlobalSection
EndGlobal
